// !$*UTF8*$!
{
	archiveVersion = 1;
	classes = {
	};
	objectVersion = 46;
	objects = {

/* Begin PBXBuildFile section */
		0A169862A565C8E533A76E4F /* VaultView.swift in Sources */ = {isa = PBXBuildFile; fileRef = 72955EA239FF038222060515 /* VaultView.swift */; };
		28C642CBEE489DCD72A0B4AE /* ConnectionSettingsView.swift in Sources */ = {isa = PBXBuildFile; fileRef = 140AC5EEEBA38269EB70C239 /* ConnectionSettingsView.swift */; };
		290D57D5BA0D78BDA59AF0A3 /* RoachNetCompanionApp.swift in Sources */ = {isa = PBXBuildFile; fileRef = EA1FDC62BB2BF112DB011F71 /* RoachNetCompanionApp.swift */; };
		5B3752AB2ADA77EB46C577E6 /* CompanionSupport.swift in Sources */ = {isa = PBXBuildFile; fileRef = E250CDF565E0D28C47D37108 /* CompanionSupport.swift */; };
		6A9CCE6078BF7B6723786908 /* ChatView.swift in Sources */ = {isa = PBXBuildFile; fileRef = 0B775A20AD803BD5A205154C /* ChatView.swift */; };
		75A621B3E84739DB66B59385 /* AppsView.swift in Sources */ = {isa = PBXBuildFile; fileRef = 3F575AB45E2E09F17DB31D02 /* AppsView.swift */; };
		7B76A3A955844CB212257351 /* RoachNetAPIClient.swift in Sources */ = {isa = PBXBuildFile; fileRef = EC49A977D6881B2318FD1A38 /* RoachNetAPIClient.swift */; };
		7C89AA2F618E6E8A5EDBE822 /* CompanionRootView.swift in Sources */ = {isa = PBXBuildFile; fileRef = 8350F00116579FD11F9F5B38 /* CompanionRootView.swift */; };
		81DF53F88AE8D99B36BC8E36 /* RoachTheme.swift in Sources */ = {isa = PBXBuildFile; fileRef = 548E3A889248F7AA5BD15024 /* RoachTheme.swift */; };
		8863528FAAA6EFA7C43B51BC /* RuntimeView.swift in Sources */ = {isa = PBXBuildFile; fileRef = 460F7EC50FE1008F7728C5EC /* RuntimeView.swift */; };
		B4A6E686859A7D92DA3B426F /* Foundation.framework in Frameworks */ = {isa = PBXBuildFile; fileRef = A94A96F7EACA101024EA8933 /* Foundation.framework */; };
		D4ED0A7F439CECA7A9223EFF /* CompanionModels.swift in Sources */ = {isa = PBXBuildFile; fileRef = 0A6BB7DA5971D886DFA81F1F /* CompanionModels.swift */; };
		F1BD18009F81D5D19149D618 /* Assets.xcassets in Resources */ = {isa = PBXBuildFile; fileRef = 7448BDB6082AFD571DBCBD8F /* Assets.xcassets */; };
		F97FD301F29779412F4068AC /* AppModel.swift in Sources */ = {isa = PBXBuildFile; fileRef = ED4D211DF7E53CA13F422353 /* AppModel.swift */; };
/* End PBXBuildFile section */

/* Begin PBXFileReference section */
		0A6BB7DA5971D886DFA81F1F /* CompanionModels.swift */ = {isa = PBXFileReference; includeInIndex = 1; lastKnownFileType = sourcecode.swift; name = CompanionModels.swift; path = RoachNetCompanion/Core/CompanionModels.swift; sourceTree = "<group>"; };
		0B775A20AD803BD5A205154C /* ChatView.swift */ = {isa = PBXFileReference; includeInIndex = 1; lastKnownFileType = sourcecode.swift; name = ChatView.swift; path = RoachNetCompanion/Features/Chat/ChatView.swift; sourceTree = "<group>"; };
		140AC5EEEBA38269EB70C239 /* ConnectionSettingsView.swift */ = {isa = PBXFileReference; includeInIndex = 1; lastKnownFileType = sourcecode.swift; name = ConnectionSettingsView.swift; path = RoachNetCompanion/Features/Shared/ConnectionSettingsView.swift; sourceTree = "<group>"; };
		3F575AB45E2E09F17DB31D02 /* AppsView.swift */ = {isa = PBXFileReference; includeInIndex = 1; lastKnownFileType = sourcecode.swift; name = AppsView.swift; path = RoachNetCompanion/Features/Apps/AppsView.swift; sourceTree = "<group>"; };
		460F7EC50FE1008F7728C5EC /* RuntimeView.swift */ = {isa = PBXFileReference; includeInIndex = 1; lastKnownFileType = sourcecode.swift; name = RuntimeView.swift; path = RoachNetCompanion/Features/Runtime/RuntimeView.swift; sourceTree = "<group>"; };
		548E3A889248F7AA5BD15024 /* RoachTheme.swift */ = {isa = PBXFileReference; includeInIndex = 1; lastKnownFileType = sourcecode.swift; name = RoachTheme.swift; path = RoachNetCompanion/Features/Shared/RoachTheme.swift; sourceTree = "<group>"; };
		6500651A52C43F81F41A141F /* RoachNetCompanion.app */ = {isa = PBXFileReference; explicitFileType = wrapper.application; includeInIndex = 0; path = RoachNetCompanion.app; sourceTree = BUILT_PRODUCTS_DIR; };
		72955EA239FF038222060515 /* VaultView.swift */ = {isa = PBXFileReference; includeInIndex = 1; lastKnownFileType = sourcecode.swift; name = VaultView.swift; path = RoachNetCompanion/Features/Vault/VaultView.swift; sourceTree = "<group>"; };
		7448BDB6082AFD571DBCBD8F /* Assets.xcassets */ = {isa = PBXFileReference; includeInIndex = 1; lastKnownFileType = folder.assetcatalog; name = Assets.xcassets; path = RoachNetCompanion/Assets.xcassets; sourceTree = "<group>"; };
		8350F00116579FD11F9F5B38 /* CompanionRootView.swift */ = {isa = PBXFileReference; includeInIndex = 1; lastKnownFileType = sourcecode.swift; name = CompanionRootView.swift; path = RoachNetCompanion/App/CompanionRootView.swift; sourceTree = "<group>"; };
		A94A96F7EACA101024EA8933 /* Foundation.framework */ = {isa = PBXFileReference; lastKnownFileType = wrapper.framework; name = Foundation.framework; path = Platforms/iPhoneOS.platform/Developer/SDKs/iPhoneOS18.0.sdk/System/Library/Frameworks/Foundation.framework; sourceTree = DEVELOPER_DIR; };
		AB16D083D5247428771C6268 /* generate_xcodeproj.rb */ = {isa = PBXFileReference; includeInIndex = 1; name = generate_xcodeproj.rb; path = scripts/generate_xcodeproj.rb; sourceTree = "<group>"; };
		E250CDF565E0D28C47D37108 /* CompanionSupport.swift */ = {isa = PBXFileReference; includeInIndex = 1; lastKnownFileType = sourcecode.swift; name = CompanionSupport.swift; path = RoachNetCompanion/Core/CompanionSupport.swift; sourceTree = "<group>"; };
		EA1FDC62BB2BF112DB011F71 /* RoachNetCompanionApp.swift */ = {isa = PBXFileReference; includeInIndex = 1; lastKnownFileType = sourcecode.swift; name = RoachNetCompanionApp.swift; path = RoachNetCompanion/App/RoachNetCompanionApp.swift; sourceTree = "<group>"; };
		EC49A977D6881B2318FD1A38 /* RoachNetAPIClient.swift */ = {isa = PBXFileReference; includeInIndex = 1; lastKnownFileType = sourcecode.swift; name = RoachNetAPIClient.swift; path = RoachNetCompanion/Core/RoachNetAPIClient.swift; sourceTree = "<group>"; };
		ED4D211DF7E53CA13F422353 /* AppModel.swift */ = {isa = PBXFileReference; includeInIndex = 1; lastKnownFileType = sourcecode.swift; name = AppModel.swift; path = RoachNetCompanion/App/AppModel.swift; sourceTree = "<group>"; };
		F24014004B7C65A36541999F /* Info.plist */ = {isa = PBXFileReference; includeInIndex = 1; lastKnownFileType = text.plist.xml; name = Info.plist; path = RoachNetCompanion/Info.plist; sourceTree = "<group>"; };
/* End PBXFileReference section */

/* Begin PBXFrameworksBuildPhase section */
		E5D9FE430C77AFD6D3B7FE2F /* Frameworks */ = {
			isa = PBXFrameworksBuildPhase;
			buildActionMask = 2147483647;
			files = (
				B4A6E686859A7D92DA3B426F /* Foundation.framework in Frameworks */,
			);
			runOnlyForDeploymentPostprocessing = 0;
		};
/* End PBXFrameworksBuildPhase section */

/* Begin PBXGroup section */
		8DB680CE1D37C14065D41344 = {
			isa = PBXGroup;
			children = (
				967130C4329475BB1F23BE2A /* Products */,
				982A9BFC3B25CB3D0A4EAB2D /* Frameworks */,
				9031344AEC656E192B2D8443 /* RoachNetCompanion */,
				94819022FDDB8149D1E2E90F /* scripts */,
			);
			sourceTree = "<group>";
		};
		9031344AEC656E192B2D8443 /* RoachNetCompanion */ = {
			isa = PBXGroup;
			children = (
				ED4D211DF7E53CA13F422353 /* AppModel.swift */,
				8350F00116579FD11F9F5B38 /* CompanionRootView.swift */,
				EA1FDC62BB2BF112DB011F71 /* RoachNetCompanionApp.swift */,
				0A6BB7DA5971D886DFA81F1F /* CompanionModels.swift */,
				E250CDF565E0D28C47D37108 /* CompanionSupport.swift */,
				EC49A977D6881B2318FD1A38 /* RoachNetAPIClient.swift */,
				3F575AB45E2E09F17DB31D02 /* AppsView.swift */,
				0B775A20AD803BD5A205154C /* ChatView.swift */,
				460F7EC50FE1008F7728C5EC /* RuntimeView.swift */,
				140AC5EEEBA38269EB70C239 /* ConnectionSettingsView.swift */,
				548E3A889248F7AA5BD15024 /* RoachTheme.swift */,
				72955EA239FF038222060515 /* VaultView.swift */,
				F24014004B7C65A36541999F /* Info.plist */,
				7448BDB6082AFD571DBCBD8F /* Assets.xcassets */,
			);
			name = RoachNetCompanion;
			sourceTree = "<group>";
		};
		94819022FDDB8149D1E2E90F /* scripts */ = {
			isa = PBXGroup;
			children = (
				AB16D083D5247428771C6268 /* generate_xcodeproj.rb */,
			);
			name = scripts;
			sourceTree = "<group>";
		};
		967130C4329475BB1F23BE2A /* Products */ = {
			isa = PBXGroup;
			children = (
				6500651A52C43F81F41A141F /* RoachNetCompanion.app */,
			);
			name = Products;
			sourceTree = "<group>";
		};
		982A9BFC3B25CB3D0A4EAB2D /* Frameworks */ = {
			isa = PBXGroup;
			children = (
				C2B0E7DC19091BC00980D57D /* iOS */,
			);
			name = Frameworks;
			sourceTree = "<group>";
		};
		C2B0E7DC19091BC00980D57D /* iOS */ = {
			isa = PBXGroup;
			children = (
				A94A96F7EACA101024EA8933 /* Foundation.framework */,
			);
			name = iOS;
			sourceTree = "<group>";
		};
/* End PBXGroup section */

/* Begin PBXNativeTarget section */
		829218A2C78E22CE95124EA3 /* RoachNetCompanion */ = {
			isa = PBXNativeTarget;
			buildConfigurationList = 6ABA54E7A8CFEE10ABDEBDAD /* Build configuration list for PBXNativeTarget "RoachNetCompanion" */;
			buildPhases = (
				1F7C86D48D14EFB6E13E6261 /* Sources */,
				E5D9FE430C77AFD6D3B7FE2F /* Frameworks */,
				3E3E11E221E4D3374D05132F /* Resources */,
			);
			buildRules = (
			);
			dependencies = (
			);
			name = RoachNetCompanion;
			productName = RoachNetCompanion;
			productReference = 6500651A52C43F81F41A141F /* RoachNetCompanion.app */;
			productType = "com.apple.product-type.application";
		};
/* End PBXNativeTarget section */

/* Begin PBXProject section */
		523027AF53B01F11579C1405 /* Project object */ = {
			isa = PBXProject;
			attributes = {
				LastSwiftUpdateCheck = 1600;
				LastUpgradeCheck = 1640;
				ORGANIZATIONNAME = "RoachWares LLC";
			};
			buildConfigurationList = FF68800A6EE04D6D2B55C082 /* Build configuration list for PBXProject "RoachNetCompanion" */;
			compatibilityVersion = "Xcode 3.2";
			developmentRegion = en;
			hasScannedForEncodings = 0;
			knownRegions = (
				en,
				Base,
			);
			mainGroup = 8DB680CE1D37C14065D41344;
			minimizedProjectReferenceProxies = 0;
			preferredProjectObjectVersion = 77;
			productRefGroup = 967130C4329475BB1F23BE2A /* Products */;
			projectDirPath = "";
			projectRoot = "";
			targets = (
				829218A2C78E22CE95124EA3 /* RoachNetCompanion */,
			);
		};
/* End PBXProject section */

/* Begin PBXResourcesBuildPhase section */
		3E3E11E221E4D3374D05132F /* Resources */ = {
			isa = PBXResourcesBuildPhase;
			buildActionMask = 2147483647;
			files = (
				F1BD18009F81D5D19149D618 /* Assets.xcassets in Resources */,
			);
			runOnlyForDeploymentPostprocessing = 0;
		};
/* End PBXResourcesBuildPhase section */

/* Begin PBXSourcesBuildPhase section */
		1F7C86D48D14EFB6E13E6261 /* Sources */ = {
			isa = PBXSourcesBuildPhase;
			buildActionMask = 2147483647;
			files = (
				F97FD301F29779412F4068AC /* AppModel.swift in Sources */,
				7C89AA2F618E6E8A5EDBE822 /* CompanionRootView.swift in Sources */,
				290D57D5BA0D78BDA59AF0A3 /* RoachNetCompanionApp.swift in Sources */,
				D4ED0A7F439CECA7A9223EFF /* CompanionModels.swift in Sources */,
				5B3752AB2ADA77EB46C577E6 /* CompanionSupport.swift in Sources */,
				7B76A3A955844CB212257351 /* RoachNetAPIClient.swift in Sources */,
				75A621B3E84739DB66B59385 /* AppsView.swift in Sources */,
				6A9CCE6078BF7B6723786908 /* ChatView.swift in Sources */,
				8863528FAAA6EFA7C43B51BC /* RuntimeView.swift in Sources */,
				28C642CBEE489DCD72A0B4AE /* ConnectionSettingsView.swift in Sources */,
				81DF53F88AE8D99B36BC8E36 /* RoachTheme.swift in Sources */,
				0A169862A565C8E533A76E4F /* VaultView.swift in Sources */,
			);
			runOnlyForDeploymentPostprocessing = 0;
		};
/* End PBXSourcesBuildPhase section */

/* Begin XCBuildConfiguration section */
		5C6C43050F61AA46995FA534 /* Debug */ = {
			isa = XCBuildConfiguration;
			buildSettings = {
				ASSETCATALOG_COMPILER_APPICON_NAME = AppIcon;
				ASSETCATALOG_COMPILER_GLOBAL_ACCENT_COLOR_NAME = AccentColor;
				CLANG_ENABLE_OBJC_WEAK = NO;
				CODE_SIGN_STYLE = Automatic;
				CURRENT_PROJECT_VERSION = 4;
				ENABLE_PREVIEWS = YES;
				GENERATE_INFOPLIST_FILE = NO;
				INFOPLIST_FILE = RoachNetCompanion/Info.plist;
				INFOPLIST_KEY_UIApplicationSupportsIndirectInputEvents = YES;
				IPHONEOS_DEPLOYMENT_TARGET = 17.0;
				LD_RUNPATH_SEARCH_PATHS = "$(inherited) @executable_path/Frameworks";
				MARKETING_VERSION = 0.1.5;
				PRODUCT_BUNDLE_IDENTIFIER = com.roachwares.RoachNetCompanion;
				PRODUCT_NAME = RoachNetCompanion;
				SDKROOT = iphoneos;
				SWIFT_STRICT_CONCURRENCY = complete;
				SWIFT_VERSION = 5.0;
				TARGETED_DEVICE_FAMILY = "1,2";
			};
			name = Debug;
		};
		7204C33AC2BA8E3CD17EEFAB /* Release */ = {
			isa = XCBuildConfiguration;
			buildSettings = {
				ASSETCATALOG_COMPILER_APPICON_NAME = AppIcon;
				ASSETCATALOG_COMPILER_GLOBAL_ACCENT_COLOR_NAME = AccentColor;
				CLANG_ENABLE_OBJC_WEAK = NO;
				CODE_SIGN_STYLE = Automatic;
				CURRENT_PROJECT_VERSION = 4;
				ENABLE_PREVIEWS = YES;
				GENERATE_INFOPLIST_FILE = NO;
				INFOPLIST_FILE = RoachNetCompanion/Info.plist;
				INFOPLIST_KEY_UIApplicationSupportsIndirectInputEvents = YES;
				IPHONEOS_DEPLOYMENT_TARGET = 17.0;
				LD_RUNPATH_SEARCH_PATHS = "$(inherited) @executable_path/Frameworks";
				MARKETING_VERSION = 0.1.5;
				PRODUCT_BUNDLE_IDENTIFIER = com.roachwares.RoachNetCompanion;
				PRODUCT_NAME = RoachNetCompanion;
				SDKROOT = iphoneos;
				SWIFT_STRICT_CONCURRENCY = complete;
				SWIFT_VERSION = 5.0;
				TARGETED_DEVICE_FAMILY = "1,2";
				VALIDATE_PRODUCT = YES;
			};
			name = Release;
		};
		C536EF27FD35162FBD399C55 /* Debug */ = {
			isa = XCBuildConfiguration;
			buildSettings = {
				ALWAYS_SEARCH_USER_PATHS = NO;
				CLANG_ANALYZER_NONNULL = YES;
				CLANG_ANALYZER_NUMBER_OBJECT_CONVERSION = YES_AGGRESSIVE;
				CLANG_CXX_LANGUAGE_STANDARD = "gnu++14";
				CLANG_CXX_LIBRARY = "libc++";
				CLANG_ENABLE_MODULES = YES;
				CLANG_ENABLE_OBJC_ARC = YES;
				CLANG_ENABLE_OBJC_WEAK = YES;
				CLANG_WARN_BLOCK_CAPTURE_AUTORELEASING = YES;
				CLANG_WARN_BOOL_CONVERSION = YES;
				CLANG_WARN_COMMA = YES;
				CLANG_WARN_CONSTANT_CONVERSION = YES;
				CLANG_WARN_DEPRECATED_OBJC_IMPLEMENTATIONS = YES;
				CLANG_WARN_DIRECT_OBJC_ISA_USAGE = YES_ERROR;
				CLANG_WARN_DOCUMENTATION_COMMENTS = YES;
				CLANG_WARN_EMPTY_BODY = YES;
				CLANG_WARN_ENUM_CONVERSION = YES;
				CLANG_WARN_INFINITE_RECURSION = YES;
				CLANG_WARN_INT_CONVERSION = YES;
				CLANG_WARN_NON_LITERAL_NULL_CONVERSION = YES;
				CLANG_WARN_OBJC_IMPLICIT_RETAIN_SELF = YES;
				CLANG_WARN_OBJC_LITERAL_CONVERSION = YES;
				CLANG_WARN_OBJC_ROOT_CLASS = YES_ERROR;
				CLANG_WARN_QUOTED_INCLUDE_IN_FRAMEWORK_HEADER = YES;
				CLANG_WARN_RANGE_LOOP_ANALYSIS = YES;
				CLANG_WARN_STRICT_PROTOTYPES = YES;
				CLANG_WARN_SUSPICIOUS_MOVE = YES;
				CLANG_WARN_UNGUARDED_AVAILABILITY = YES_AGGRESSIVE;
				CLANG_WARN_UNREACHABLE_CODE = YES;
				CLANG_WARN__DUPLICATE_METHOD_MATCH = YES;
				COPY_PHASE_STRIP = NO;
				DEBUG_INFORMATION_FORMAT = dwarf;
				ENABLE_STRICT_OBJC_MSGSEND = YES;
				ENABLE_TESTABILITY = YES;
				GCC_C_LANGUAGE_STANDARD = gnu11;
				GCC_DYNAMIC_NO_PIC = NO;
				GCC_NO_COMMON_BLOCKS = YES;
				GCC_OPTIMIZATION_LEVEL = 0;
				GCC_PREPROCESSOR_DEFINITIONS = (
					"DEBUG=1",
					"$(inherited)",
				);
				GCC_WARN_64_TO_32_BIT_CONVERSION = YES;
				GCC_WARN_ABOUT_RETURN_TYPE = YES_ERROR;
				GCC_WARN_UNDECLARED_SELECTOR = YES;
				GCC_WARN_UNINITIALIZED_AUTOS = YES_AGGRESSIVE;
				GCC_WARN_UNUSED_FUNCTION = YES;
				GCC_WARN_UNUSED_VARIABLE = YES;
				MTL_ENABLE_DEBUG_INFO = INCLUDE_SOURCE;
				MTL_FAST_MATH = YES;
				ONLY_ACTIVE_ARCH = YES;
				PRODUCT_NAME = "$(TARGET_NAME)";
				SWIFT_ACTIVE_COMPILATION_CONDITIONS = DEBUG;
				SWIFT_OPTIMIZATION_LEVEL = "-Onone";
				SWIFT_VERSION = 5.0;
			};
			name = Debug;
		};
		E385BAB1DD55FD4879F7BEAB /* Release */ = {
			isa = XCBuildConfiguration;
			buildSettings = {
				ALWAYS_SEARCH_USER_PATHS = NO;
				CLANG_ANALYZER_NONNULL = YES;
				CLANG_ANALYZER_NUMBER_OBJECT_CONVERSION = YES_AGGRESSIVE;
				CLANG_CXX_LANGUAGE_STANDARD = "gnu++14";
				CLANG_CXX_LIBRARY = "libc++";
				CLANG_ENABLE_MODULES = YES;
				CLANG_ENABLE_OBJC_ARC = YES;
				CLANG_ENABLE_OBJC_WEAK = YES;
				CLANG_WARN_BLOCK_CAPTURE_AUTORELEASING = YES;
				CLANG_WARN_BOOL_CONVERSION = YES;
				CLANG_WARN_COMMA = YES;
				CLANG_WARN_CONSTANT_CONVERSION = YES;
				CLANG_WARN_DEPRECATED_OBJC_IMPLEMENTATIONS = YES;
				CLANG_WARN_DIRECT_OBJC_ISA_USAGE = YES_ERROR;
				CLANG_WARN_DOCUMENTATION_COMMENTS = YES;
				CLANG_WARN_EMPTY_BODY = YES;
				CLANG_WARN_ENUM_CONVERSION = YES;
				CLANG_WARN_INFINITE_RECURSION = YES;
				CLANG_WARN_INT_CONVERSION = YES;
				CLANG_WARN_NON_LITERAL_NULL_CONVERSION = YES;
				CLANG_WARN_OBJC_IMPLICIT_RETAIN_SELF = YES;
				CLANG_WARN_OBJC_LITERAL_CONVERSION = YES;
				CLANG_WARN_OBJC_ROOT_CLASS = YES_ERROR;
				CLANG_WARN_QUOTED_INCLUDE_IN_FRAMEWORK_HEADER = YES;
				CLANG_WARN_RANGE_LOOP_ANALYSIS = YES;
				CLANG_WARN_STRICT_PROTOTYPES = YES;
				CLANG_WARN_SUSPICIOUS_MOVE = YES;
				CLANG_WARN_UNGUARDED_AVAILABILITY = YES_AGGRESSIVE;
				CLANG_WARN_UNREACHABLE_CODE = YES;
				CLANG_WARN__DUPLICATE_METHOD_MATCH = YES;
				COPY_PHASE_STRIP = NO;
				DEBUG_INFORMATION_FORMAT = "dwarf-with-dsym";
				ENABLE_NS_ASSERTIONS = NO;
				ENABLE_STRICT_OBJC_MSGSEND = YES;
				GCC_C_LANGUAGE_STANDARD = gnu11;
				GCC_NO_COMMON_BLOCKS = YES;
				GCC_WARN_64_TO_32_BIT_CONVERSION = YES;
				GCC_WARN_ABOUT_RETURN_TYPE = YES_ERROR;
				GCC_WARN_UNDECLARED_SELECTOR = YES;
				GCC_WARN_UNINITIALIZED_AUTOS = YES_AGGRESSIVE;
				GCC_WARN_UNUSED_FUNCTION = YES;
				GCC_WARN_UNUSED_VARIABLE = YES;
				MTL_ENABLE_DEBUG_INFO = NO;
				MTL_FAST_MATH = YES;
				PRODUCT_NAME = "$(TARGET_NAME)";
				SWIFT_COMPILATION_MODE = wholemodule;
				SWIFT_OPTIMIZATION_LEVEL = "-O";
				SWIFT_VERSION = 5.0;
			};
			name = Release;
		};
/* End XCBuildConfiguration section */

/* Begin XCConfigurationList section */
		6ABA54E7A8CFEE10ABDEBDAD /* Build configuration list for PBXNativeTarget "RoachNetCompanion" */ = {
			isa = XCConfigurationList;
			buildConfigurations = (
				7204C33AC2BA8E3CD17EEFAB /* Release */,
				5C6C43050F61AA46995FA534 /* Debug */,
			);
			defaultConfigurationIsVisible = 0;
			defaultConfigurationName = Release;
		};
		FF68800A6EE04D6D2B55C082 /* Build configuration list for PBXProject "RoachNetCompanion" */ = {
			isa = XCConfigurationList;
			buildConfigurations = (
				C536EF27FD35162FBD399C55 /* Debug */,
				E385BAB1DD55FD4879F7BEAB /* Release */,
			);
			defaultConfigurationIsVisible = 0;
			defaultConfigurationName = Release;
		};
/* End XCConfigurationList section */
	};
	rootObject = 523027AF53B01F11579C1405 /* Project object */;
}
