// !$*UTF8*$!
{
	archiveVersion = 1;
	classes = {
	};
	objectVersion = 46;
	objects = {

/* Begin PBXBuildFile section */
		0094112D2E254D74A98F435B /* CompanionSupport.swift in Sources */ = {isa = PBXBuildFile; fileRef = 0378FDDB97005E8B9F7C0F3F /* CompanionSupport.swift */; };
		07FCA47D87B65BE9D0E31BD0 /* ConnectionSettingsView.swift in Sources */ = {isa = PBXBuildFile; fileRef = 1388FF113DD96ADFE29B59E8 /* ConnectionSettingsView.swift */; };
		14CA11F79BD3ED69710585F7 /* CompanionRootView.swift in Sources */ = {isa = PBXBuildFile; fileRef = 62DB3A2F38E047684042E82B /* CompanionRootView.swift */; };
		1C78B2D460BA892BDB057F2B /* AppModel.swift in Sources */ = {isa = PBXBuildFile; fileRef = 4D2B1E5E656370E917B80DC4 /* AppModel.swift */; };
		2BEE7F272A714D3AF84F5E6D /* RuntimeView.swift in Sources */ = {isa = PBXBuildFile; fileRef = 231CE5086BB1D009DFD109EC /* RuntimeView.swift */; };
		5D8B2408453FAB50F02A2254 /* RoachNetAPIClient.swift in Sources */ = {isa = PBXBuildFile; fileRef = B1E335B3C6CBF461CCA34982 /* RoachNetAPIClient.swift */; };
		7481B144416305785B579B16 /* AppsView.swift in Sources */ = {isa = PBXBuildFile; fileRef = 65D538BB2C5A57F3022712E8 /* AppsView.swift */; };
		84235EE7D5E3A67E3C76C1DA /* VaultView.swift in Sources */ = {isa = PBXBuildFile; fileRef = 93B4D30B6E58449C388E00FF /* VaultView.swift */; };
		937A0AA09C35773E63D7104E /* CompanionModels.swift in Sources */ = {isa = PBXBuildFile; fileRef = A866BC3EC719A9ED51BB03DC /* CompanionModels.swift */; };
		A4F1D9882C88E4C8ECCE4E22 /* Assets.xcassets in Resources */ = {isa = PBXBuildFile; fileRef = 2A40B336825C633AF4797638 /* Assets.xcassets */; };
		BFA9D195269E234A923D0172 /* RoachNetCompanionApp.swift in Sources */ = {isa = PBXBuildFile; fileRef = 4ADBCF61A7DABF54E5854C46 /* RoachNetCompanionApp.swift */; };
		CE304472230068E02552DD5F /* Foundation.framework in Frameworks */ = {isa = PBXBuildFile; fileRef = 0E2C631AA9EE3EDEC5BEC09A /* Foundation.framework */; };
		DC619A2A2A6B24C358E16388 /* ChatView.swift in Sources */ = {isa = PBXBuildFile; fileRef = 53CD5DF651F01ADDA800424F /* ChatView.swift */; };
		F95627380C725424CF8BED96 /* RoachTheme.swift in Sources */ = {isa = PBXBuildFile; fileRef = 79384B659197C84B74164105 /* RoachTheme.swift */; };
/* End PBXBuildFile section */

/* Begin PBXFileReference section */
		027C00670EFF1BFD1C52AB22 /* RoachNetCompanion.app */ = {isa = PBXFileReference; explicitFileType = wrapper.application; includeInIndex = 0; path = RoachNetCompanion.app; sourceTree = BUILT_PRODUCTS_DIR; };
		0378FDDB97005E8B9F7C0F3F /* CompanionSupport.swift */ = {isa = PBXFileReference; includeInIndex = 1; lastKnownFileType = sourcecode.swift; name = CompanionSupport.swift; path = RoachNetCompanion/Core/CompanionSupport.swift; sourceTree = "<group>"; };
		0E2C631AA9EE3EDEC5BEC09A /* Foundation.framework */ = {isa = PBXFileReference; lastKnownFileType = wrapper.framework; name = Foundation.framework; path = Platforms/iPhoneOS.platform/Developer/SDKs/iPhoneOS18.0.sdk/System/Library/Frameworks/Foundation.framework; sourceTree = DEVELOPER_DIR; };
		1388FF113DD96ADFE29B59E8 /* ConnectionSettingsView.swift */ = {isa = PBXFileReference; includeInIndex = 1; lastKnownFileType = sourcecode.swift; name = ConnectionSettingsView.swift; path = RoachNetCompanion/Features/Shared/ConnectionSettingsView.swift; sourceTree = "<group>"; };
		22EFF969AFE5F0303680B10E /* generate_xcodeproj.rb */ = {isa = PBXFileReference; includeInIndex = 1; name = generate_xcodeproj.rb; path = scripts/generate_xcodeproj.rb; sourceTree = "<group>"; };
		231CE5086BB1D009DFD109EC /* RuntimeView.swift */ = {isa = PBXFileReference; includeInIndex = 1; lastKnownFileType = sourcecode.swift; name = RuntimeView.swift; path = RoachNetCompanion/Features/Runtime/RuntimeView.swift; sourceTree = "<group>"; };
		2A40B336825C633AF4797638 /* Assets.xcassets */ = {isa = PBXFileReference; includeInIndex = 1; lastKnownFileType = folder.assetcatalog; name = Assets.xcassets; path = RoachNetCompanion/Assets.xcassets; sourceTree = "<group>"; };
		4079BAEC1B17348DB618DB29 /* Info.plist */ = {isa = PBXFileReference; includeInIndex = 1; lastKnownFileType = text.plist.xml; name = Info.plist; path = RoachNetCompanion/Info.plist; sourceTree = "<group>"; };
		4ADBCF61A7DABF54E5854C46 /* RoachNetCompanionApp.swift */ = {isa = PBXFileReference; includeInIndex = 1; lastKnownFileType = sourcecode.swift; name = RoachNetCompanionApp.swift; path = RoachNetCompanion/App/RoachNetCompanionApp.swift; sourceTree = "<group>"; };
		4D2B1E5E656370E917B80DC4 /* AppModel.swift */ = {isa = PBXFileReference; includeInIndex = 1; lastKnownFileType = sourcecode.swift; name = AppModel.swift; path = RoachNetCompanion/App/AppModel.swift; sourceTree = "<group>"; };
		53CD5DF651F01ADDA800424F /* ChatView.swift */ = {isa = PBXFileReference; includeInIndex = 1; lastKnownFileType = sourcecode.swift; name = ChatView.swift; path = RoachNetCompanion/Features/Chat/ChatView.swift; sourceTree = "<group>"; };
		62DB3A2F38E047684042E82B /* CompanionRootView.swift */ = {isa = PBXFileReference; includeInIndex = 1; lastKnownFileType = sourcecode.swift; name = CompanionRootView.swift; path = RoachNetCompanion/App/CompanionRootView.swift; sourceTree = "<group>"; };
		65D538BB2C5A57F3022712E8 /* AppsView.swift */ = {isa = PBXFileReference; includeInIndex = 1; lastKnownFileType = sourcecode.swift; name = AppsView.swift; path = RoachNetCompanion/Features/Apps/AppsView.swift; sourceTree = "<group>"; };
		79384B659197C84B74164105 /* RoachTheme.swift */ = {isa = PBXFileReference; includeInIndex = 1; lastKnownFileType = sourcecode.swift; name = RoachTheme.swift; path = RoachNetCompanion/Features/Shared/RoachTheme.swift; sourceTree = "<group>"; };
		93B4D30B6E58449C388E00FF /* VaultView.swift */ = {isa = PBXFileReference; includeInIndex = 1; lastKnownFileType = sourcecode.swift; name = VaultView.swift; path = RoachNetCompanion/Features/Vault/VaultView.swift; sourceTree = "<group>"; };
		A866BC3EC719A9ED51BB03DC /* CompanionModels.swift */ = {isa = PBXFileReference; includeInIndex = 1; lastKnownFileType = sourcecode.swift; name = CompanionModels.swift; path = RoachNetCompanion/Core/CompanionModels.swift; sourceTree = "<group>"; };
		B1E335B3C6CBF461CCA34982 /* RoachNetAPIClient.swift */ = {isa = PBXFileReference; includeInIndex = 1; lastKnownFileType = sourcecode.swift; name = RoachNetAPIClient.swift; path = RoachNetCompanion/Core/RoachNetAPIClient.swift; sourceTree = "<group>"; };
/* End PBXFileReference section */

/* Begin PBXFrameworksBuildPhase section */
		8B66B70A68194F2CE8F89305 /* Frameworks */ = {
			isa = PBXFrameworksBuildPhase;
			buildActionMask = 2147483647;
			files = (
				CE304472230068E02552DD5F /* Foundation.framework in Frameworks */,
			);
			runOnlyForDeploymentPostprocessing = 0;
		};
/* End PBXFrameworksBuildPhase section */

/* Begin PBXGroup section */
		1B23D48355BE67CFAE332015 /* Frameworks */ = {
			isa = PBXGroup;
			children = (
				33AC3082D3BD8E75ACFB0D3D /* iOS */,
			);
			name = Frameworks;
			sourceTree = "<group>";
		};
		33AC3082D3BD8E75ACFB0D3D /* iOS */ = {
			isa = PBXGroup;
			children = (
				0E2C631AA9EE3EDEC5BEC09A /* Foundation.framework */,
			);
			name = iOS;
			sourceTree = "<group>";
		};
		769AAAFB37265414F429CB8C /* RoachNetCompanion */ = {
			isa = PBXGroup;
			children = (
				4D2B1E5E656370E917B80DC4 /* AppModel.swift */,
				62DB3A2F38E047684042E82B /* CompanionRootView.swift */,
				4ADBCF61A7DABF54E5854C46 /* RoachNetCompanionApp.swift */,
				A866BC3EC719A9ED51BB03DC /* CompanionModels.swift */,
				0378FDDB97005E8B9F7C0F3F /* CompanionSupport.swift */,
				B1E335B3C6CBF461CCA34982 /* RoachNetAPIClient.swift */,
				65D538BB2C5A57F3022712E8 /* AppsView.swift */,
				53CD5DF651F01ADDA800424F /* ChatView.swift */,
				231CE5086BB1D009DFD109EC /* RuntimeView.swift */,
				1388FF113DD96ADFE29B59E8 /* ConnectionSettingsView.swift */,
				79384B659197C84B74164105 /* RoachTheme.swift */,
				93B4D30B6E58449C388E00FF /* VaultView.swift */,
				4079BAEC1B17348DB618DB29 /* Info.plist */,
				2A40B336825C633AF4797638 /* Assets.xcassets */,
			);
			name = RoachNetCompanion;
			sourceTree = "<group>";
		};
		94353945A7F9239B38C18B0F /* scripts */ = {
			isa = PBXGroup;
			children = (
				22EFF969AFE5F0303680B10E /* generate_xcodeproj.rb */,
			);
			name = scripts;
			sourceTree = "<group>";
		};
		DAF811992E529E3D057BADD3 = {
			isa = PBXGroup;
			children = (
				FDA460D4B5F57DF47DA92AB1 /* Products */,
				1B23D48355BE67CFAE332015 /* Frameworks */,
				769AAAFB37265414F429CB8C /* RoachNetCompanion */,
				94353945A7F9239B38C18B0F /* scripts */,
			);
			sourceTree = "<group>";
		};
		FDA460D4B5F57DF47DA92AB1 /* Products */ = {
			isa = PBXGroup;
			children = (
				027C00670EFF1BFD1C52AB22 /* RoachNetCompanion.app */,
			);
			name = Products;
			sourceTree = "<group>";
		};
/* End PBXGroup section */

/* Begin PBXNativeTarget section */
		DA84462F17D1B45105778877 /* RoachNetCompanion */ = {
			isa = PBXNativeTarget;
			buildConfigurationList = 3FEB81708F07C51884CDFAC6 /* Build configuration list for PBXNativeTarget "RoachNetCompanion" */;
			buildPhases = (
				07F99A82813AFD7F9EC3CC76 /* Sources */,
				8B66B70A68194F2CE8F89305 /* Frameworks */,
				56264A4970FA15ABAEAFAB6B /* Resources */,
			);
			buildRules = (
			);
			dependencies = (
			);
			name = RoachNetCompanion;
			productName = RoachNetCompanion;
			productReference = 027C00670EFF1BFD1C52AB22 /* RoachNetCompanion.app */;
			productType = "com.apple.product-type.application";
		};
/* End PBXNativeTarget section */

/* Begin PBXProject section */
		25AA7CF45B6BE6F091A36060 /* Project object */ = {
			isa = PBXProject;
			attributes = {
				LastSwiftUpdateCheck = 1600;
				LastUpgradeCheck = 1640;
				ORGANIZATIONNAME = "AHG Records LLC";
			};
			buildConfigurationList = 82521188B4410D38C2CA6203 /* Build configuration list for PBXProject "RoachNetCompanion" */;
			compatibilityVersion = "Xcode 3.2";
			developmentRegion = en;
			hasScannedForEncodings = 0;
			knownRegions = (
				en,
				Base,
			);
			mainGroup = DAF811992E529E3D057BADD3;
			minimizedProjectReferenceProxies = 0;
			preferredProjectObjectVersion = 77;
			productRefGroup = FDA460D4B5F57DF47DA92AB1 /* Products */;
			projectDirPath = "";
			projectRoot = "";
			targets = (
				DA84462F17D1B45105778877 /* RoachNetCompanion */,
			);
		};
/* End PBXProject section */

/* Begin PBXResourcesBuildPhase section */
		56264A4970FA15ABAEAFAB6B /* Resources */ = {
			isa = PBXResourcesBuildPhase;
			buildActionMask = 2147483647;
			files = (
				A4F1D9882C88E4C8ECCE4E22 /* Assets.xcassets in Resources */,
			);
			runOnlyForDeploymentPostprocessing = 0;
		};
/* End PBXResourcesBuildPhase section */

/* Begin PBXSourcesBuildPhase section */
		07F99A82813AFD7F9EC3CC76 /* Sources */ = {
			isa = PBXSourcesBuildPhase;
			buildActionMask = 2147483647;
			files = (
				1C78B2D460BA892BDB057F2B /* AppModel.swift in Sources */,
				14CA11F79BD3ED69710585F7 /* CompanionRootView.swift in Sources */,
				BFA9D195269E234A923D0172 /* RoachNetCompanionApp.swift in Sources */,
				937A0AA09C35773E63D7104E /* CompanionModels.swift in Sources */,
				0094112D2E254D74A98F435B /* CompanionSupport.swift in Sources */,
				5D8B2408453FAB50F02A2254 /* RoachNetAPIClient.swift in Sources */,
				7481B144416305785B579B16 /* AppsView.swift in Sources */,
				DC619A2A2A6B24C358E16388 /* ChatView.swift in Sources */,
				2BEE7F272A714D3AF84F5E6D /* RuntimeView.swift in Sources */,
				07FCA47D87B65BE9D0E31BD0 /* ConnectionSettingsView.swift in Sources */,
				F95627380C725424CF8BED96 /* RoachTheme.swift in Sources */,
				84235EE7D5E3A67E3C76C1DA /* VaultView.swift in Sources */,
			);
			runOnlyForDeploymentPostprocessing = 0;
		};
/* End PBXSourcesBuildPhase section */

/* Begin XCBuildConfiguration section */
		39F7DB61EFB7FC4C02116102 /* Release */ = {
			isa = XCBuildConfiguration;
			buildSettings = {
				ALWAYS_SEARCH_USER_PATHS = NO;
				CLANG_ANALYZER_NONNULL = YES;
				CLANG_ANALYZER_NUMBER_OBJECT_CONVERSION = YES_AGGRESSIVE;
				CLANG_CXX_LANGUAGE_STANDARD = "gnu++14";
				CLANG_CXX_LIBRARY = "libc++";
				CLANG_ENABLE_MODULES = YES;
				CLANG_ENABLE_OBJC_ARC = YES;
				CLANG_ENABLE_OBJC_WEAK = YES;
				CLANG_WARN_BLOCK_CAPTURE_AUTORELEASING = YES;
				CLANG_WARN_BOOL_CONVERSION = YES;
				CLANG_WARN_COMMA = YES;
				CLANG_WARN_CONSTANT_CONVERSION = YES;
				CLANG_WARN_DEPRECATED_OBJC_IMPLEMENTATIONS = YES;
				CLANG_WARN_DIRECT_OBJC_ISA_USAGE = YES_ERROR;
				CLANG_WARN_DOCUMENTATION_COMMENTS = YES;
				CLANG_WARN_EMPTY_BODY = YES;
				CLANG_WARN_ENUM_CONVERSION = YES;
				CLANG_WARN_INFINITE_RECURSION = YES;
				CLANG_WARN_INT_CONVERSION = YES;
				CLANG_WARN_NON_LITERAL_NULL_CONVERSION = YES;
				CLANG_WARN_OBJC_IMPLICIT_RETAIN_SELF = YES;
				CLANG_WARN_OBJC_LITERAL_CONVERSION = YES;
				CLANG_WARN_OBJC_ROOT_CLASS = YES_ERROR;
				CLANG_WARN_QUOTED_INCLUDE_IN_FRAMEWORK_HEADER = YES;
				CLANG_WARN_RANGE_LOOP_ANALYSIS = YES;
				CLANG_WARN_STRICT_PROTOTYPES = YES;
				CLANG_WARN_SUSPICIOUS_MOVE = YES;
				CLANG_WARN_UNGUARDED_AVAILABILITY = YES_AGGRESSIVE;
				CLANG_WARN_UNREACHABLE_CODE = YES;
				CLANG_WARN__DUPLICATE_METHOD_MATCH = YES;
				COPY_PHASE_STRIP = NO;
				DEBUG_INFORMATION_FORMAT = "dwarf-with-dsym";
				ENABLE_NS_ASSERTIONS = NO;
				ENABLE_STRICT_OBJC_MSGSEND = YES;
				GCC_C_LANGUAGE_STANDARD = gnu11;
				GCC_NO_COMMON_BLOCKS = YES;
				GCC_WARN_64_TO_32_BIT_CONVERSION = YES;
				GCC_WARN_ABOUT_RETURN_TYPE = YES_ERROR;
				GCC_WARN_UNDECLARED_SELECTOR = YES;
				GCC_WARN_UNINITIALIZED_AUTOS = YES_AGGRESSIVE;
				GCC_WARN_UNUSED_FUNCTION = YES;
				GCC_WARN_UNUSED_VARIABLE = YES;
				MTL_ENABLE_DEBUG_INFO = NO;
				MTL_FAST_MATH = YES;
				PRODUCT_NAME = "$(TARGET_NAME)";
				SWIFT_COMPILATION_MODE = wholemodule;
				SWIFT_OPTIMIZATION_LEVEL = "-O";
				SWIFT_VERSION = 5.0;
			};
			name = Release;
		};
		43F53EF8C8AB5411C1FD7EDE /* Release */ = {
			isa = XCBuildConfiguration;
			buildSettings = {
				ASSETCATALOG_COMPILER_APPICON_NAME = AppIcon;
				ASSETCATALOG_COMPILER_GLOBAL_ACCENT_COLOR_NAME = AccentColor;
				CLANG_ENABLE_OBJC_WEAK = NO;
				CODE_SIGN_STYLE = Automatic;
				CURRENT_PROJECT_VERSION = 1;
				ENABLE_PREVIEWS = YES;
				GENERATE_INFOPLIST_FILE = NO;
				INFOPLIST_FILE = RoachNetCompanion/Info.plist;
				INFOPLIST_KEY_UIApplicationSupportsIndirectInputEvents = YES;
				IPHONEOS_DEPLOYMENT_TARGET = 17.0;
				LD_RUNPATH_SEARCH_PATHS = "$(inherited) @executable_path/Frameworks";
				MARKETING_VERSION = 0.1.2;
				PRODUCT_BUNDLE_IDENTIFIER = com.ahgrecords.RoachNetCompanion;
				PRODUCT_NAME = RoachNetCompanion;
				SDKROOT = iphoneos;
				SWIFT_STRICT_CONCURRENCY = complete;
				SWIFT_VERSION = 5.0;
				TARGETED_DEVICE_FAMILY = "1,2";
				VALIDATE_PRODUCT = YES;
			};
			name = Release;
		};
		BD86353F69E31A95DBDD2AF4 /* Debug */ = {
			isa = XCBuildConfiguration;
			buildSettings = {
				ALWAYS_SEARCH_USER_PATHS = NO;
				CLANG_ANALYZER_NONNULL = YES;
				CLANG_ANALYZER_NUMBER_OBJECT_CONVERSION = YES_AGGRESSIVE;
				CLANG_CXX_LANGUAGE_STANDARD = "gnu++14";
				CLANG_CXX_LIBRARY = "libc++";
				CLANG_ENABLE_MODULES = YES;
				CLANG_ENABLE_OBJC_ARC = YES;
				CLANG_ENABLE_OBJC_WEAK = YES;
				CLANG_WARN_BLOCK_CAPTURE_AUTORELEASING = YES;
				CLANG_WARN_BOOL_CONVERSION = YES;
				CLANG_WARN_COMMA = YES;
				CLANG_WARN_CONSTANT_CONVERSION = YES;
				CLANG_WARN_DEPRECATED_OBJC_IMPLEMENTATIONS = YES;
				CLANG_WARN_DIRECT_OBJC_ISA_USAGE = YES_ERROR;
				CLANG_WARN_DOCUMENTATION_COMMENTS = YES;
				CLANG_WARN_EMPTY_BODY = YES;
				CLANG_WARN_ENUM_CONVERSION = YES;
				CLANG_WARN_INFINITE_RECURSION = YES;
				CLANG_WARN_INT_CONVERSION = YES;
				CLANG_WARN_NON_LITERAL_NULL_CONVERSION = YES;
				CLANG_WARN_OBJC_IMPLICIT_RETAIN_SELF = YES;
				CLANG_WARN_OBJC_LITERAL_CONVERSION = YES;
				CLANG_WARN_OBJC_ROOT_CLASS = YES_ERROR;
				CLANG_WARN_QUOTED_INCLUDE_IN_FRAMEWORK_HEADER = YES;
				CLANG_WARN_RANGE_LOOP_ANALYSIS = YES;
				CLANG_WARN_STRICT_PROTOTYPES = YES;
				CLANG_WARN_SUSPICIOUS_MOVE = YES;
				CLANG_WARN_UNGUARDED_AVAILABILITY = YES_AGGRESSIVE;
				CLANG_WARN_UNREACHABLE_CODE = YES;
				CLANG_WARN__DUPLICATE_METHOD_MATCH = YES;
				COPY_PHASE_STRIP = NO;
				DEBUG_INFORMATION_FORMAT = dwarf;
				ENABLE_STRICT_OBJC_MSGSEND = YES;
				ENABLE_TESTABILITY = YES;
				GCC_C_LANGUAGE_STANDARD = gnu11;
				GCC_DYNAMIC_NO_PIC = NO;
				GCC_NO_COMMON_BLOCKS = YES;
				GCC_OPTIMIZATION_LEVEL = 0;
				GCC_PREPROCESSOR_DEFINITIONS = (
					"DEBUG=1",
					"$(inherited)",
				);
				GCC_WARN_64_TO_32_BIT_CONVERSION = YES;
				GCC_WARN_ABOUT_RETURN_TYPE = YES_ERROR;
				GCC_WARN_UNDECLARED_SELECTOR = YES;
				GCC_WARN_UNINITIALIZED_AUTOS = YES_AGGRESSIVE;
				GCC_WARN_UNUSED_FUNCTION = YES;
				GCC_WARN_UNUSED_VARIABLE = YES;
				MTL_ENABLE_DEBUG_INFO = INCLUDE_SOURCE;
				MTL_FAST_MATH = YES;
				ONLY_ACTIVE_ARCH = YES;
				PRODUCT_NAME = "$(TARGET_NAME)";
				SWIFT_ACTIVE_COMPILATION_CONDITIONS = DEBUG;
				SWIFT_OPTIMIZATION_LEVEL = "-Onone";
				SWIFT_VERSION = 5.0;
			};
			name = Debug;
		};
		DF9CCC58377ACEC24804B683 /* Debug */ = {
			isa = XCBuildConfiguration;
			buildSettings = {
				ASSETCATALOG_COMPILER_APPICON_NAME = AppIcon;
				ASSETCATALOG_COMPILER_GLOBAL_ACCENT_COLOR_NAME = AccentColor;
				CLANG_ENABLE_OBJC_WEAK = NO;
				CODE_SIGN_STYLE = Automatic;
				CURRENT_PROJECT_VERSION = 1;
				ENABLE_PREVIEWS = YES;
				GENERATE_INFOPLIST_FILE = NO;
				INFOPLIST_FILE = RoachNetCompanion/Info.plist;
				INFOPLIST_KEY_UIApplicationSupportsIndirectInputEvents = YES;
				IPHONEOS_DEPLOYMENT_TARGET = 17.0;
				LD_RUNPATH_SEARCH_PATHS = "$(inherited) @executable_path/Frameworks";
				MARKETING_VERSION = 0.1.2;
				PRODUCT_BUNDLE_IDENTIFIER = com.ahgrecords.RoachNetCompanion;
				PRODUCT_NAME = RoachNetCompanion;
				SDKROOT = iphoneos;
				SWIFT_STRICT_CONCURRENCY = complete;
				SWIFT_VERSION = 5.0;
				TARGETED_DEVICE_FAMILY = "1,2";
			};
			name = Debug;
		};
/* End XCBuildConfiguration section */

/* Begin XCConfigurationList section */
		3FEB81708F07C51884CDFAC6 /* Build configuration list for PBXNativeTarget "RoachNetCompanion" */ = {
			isa = XCConfigurationList;
			buildConfigurations = (
				43F53EF8C8AB5411C1FD7EDE /* Release */,
				DF9CCC58377ACEC24804B683 /* Debug */,
			);
			defaultConfigurationIsVisible = 0;
			defaultConfigurationName = Release;
		};
		82521188B4410D38C2CA6203 /* Build configuration list for PBXProject "RoachNetCompanion" */ = {
			isa = XCConfigurationList;
			buildConfigurations = (
				BD86353F69E31A95DBDD2AF4 /* Debug */,
				39F7DB61EFB7FC4C02116102 /* Release */,
			);
			defaultConfigurationIsVisible = 0;
			defaultConfigurationName = Release;
		};
/* End XCConfigurationList section */
	};
	rootObject = 25AA7CF45B6BE6F091A36060 /* Project object */;
}
